// !$*UTF8*$!
{
	archiveVersion = 1;
	classes = {
	};
	objectVersion = 56;
	objects = {

/* Begin PBXBuildFile section */
		AA0001000000000000000001 /* SkyProtonAgentApp.swift in Sources */ = {isa = PBXBuildFile; fileRef = AA0002000000000000000001 /* SkyProtonAgentApp.swift */; };
		AA0001000000000000000002 /* ContentView.swift in Sources */ = {isa = PBXBuildFile; fileRef = AA0002000000000000000002 /* ContentView.swift */; };
		AA0001000000000000000003 /* AuthModels.swift in Sources */ = {isa = PBXBuildFile; fileRef = AA0002000000000000000003 /* AuthModels.swift */; };
		AA0001000000000000000006 /* APIClient.swift in Sources */ = {isa = PBXBuildFile; fileRef = AA0002000000000000000006 /* APIClient.swift */; };
		AA0001000000000000000007 /* KeychainHelper.swift in Sources */ = {isa = PBXBuildFile; fileRef = AA0002000000000000000007 /* KeychainHelper.swift */; };
		AA0001000000000000000008 /* AuthService.swift in Sources */ = {isa = PBXBuildFile; fileRef = AA0002000000000000000008 /* AuthService.swift */; };
		AA0001000000000000000009 /* AgentService.swift in Sources */ = {isa = PBXBuildFile; fileRef = AA0002000000000000000009 /* AgentService.swift */; };
		AA000100000000000000000A /* AuthViewModel.swift in Sources */ = {isa = PBXBuildFile; fileRef = AA000200000000000000000A /* AuthViewModel.swift */; };
		AA000100000000000000000D /* LoginView.swift in Sources */ = {isa = PBXBuildFile; fileRef = AA000200000000000000000D /* LoginView.swift */; };
		AA000100000000000000000E /* MainTabView.swift in Sources */ = {isa = PBXBuildFile; fileRef = AA000200000000000000000E /* MainTabView.swift */; };
		AA0001000000000000000013 /* SettingsView.swift in Sources */ = {isa = PBXBuildFile; fileRef = AA0002000000000000000013 /* SettingsView.swift */; };
		AA0001000000000000000014 /* Assets.xcassets in Resources */ = {isa = PBXBuildFile; fileRef = AA0002000000000000000014 /* Assets.xcassets */; };
		AA0001000000000000000019 /* FinancialModels.swift in Sources */ = {isa = PBXBuildFile; fileRef = AA0002000000000000000019 /* FinancialModels.swift */; };
		AA000100000000000000001B /* FinancialView.swift in Sources */ = {isa = PBXBuildFile; fileRef = AA000200000000000000001B /* FinancialView.swift */; };
		AA000100000000000000001D /* TravelModels.swift in Sources */ = {isa = PBXBuildFile; fileRef = AA000200000000000000001D /* TravelModels.swift */; };
		AA000100000000000000001E /* TravelListView.swift in Sources */ = {isa = PBXBuildFile; fileRef = AA000200000000000000001E /* TravelListView.swift */; };
		AA000100000000000000001F /* TravelDetailView.swift in Sources */ = {isa = PBXBuildFile; fileRef = AA000200000000000000001F /* TravelDetailView.swift */; };
		AA0001000000000000000021 /* Theme.swift in Sources */ = {isa = PBXBuildFile; fileRef = AA0002000000000000000021 /* Theme.swift */; };
		AA0001000000000000000022 /* FinanceMarketsView.swift in Sources */ = {isa = PBXBuildFile; fileRef = AA0002000000000000000022 /* FinanceMarketsView.swift */; };
		AA0001000000000000000023 /* FinanceFuturesView.swift in Sources */ = {isa = PBXBuildFile; fileRef = AA0002000000000000000023 /* FinanceFuturesView.swift */; };
		AA0001000000000000000024 /* FinanceDepositsView.swift in Sources */ = {isa = PBXBuildFile; fileRef = AA0002000000000000000024 /* FinanceDepositsView.swift */; };
		AA0001000000000000000025 /* FinanceCardsView.swift in Sources */ = {isa = PBXBuildFile; fileRef = AA0002000000000000000025 /* FinanceCardsView.swift */; };
		AA0001000000000000000026 /* FinanceSalaryView.swift in Sources */ = {isa = PBXBuildFile; fileRef = AA0002000000000000000026 /* FinanceSalaryView.swift */; };
		AA0001000000000000000027 /* SwipeToDeleteRow.swift in Sources */ = {isa = PBXBuildFile; fileRef = AA0002000000000000000027 /* SwipeToDeleteRow.swift */; };
		AA0001000000000000000028 /* ComboField.swift in Sources */ = {isa = PBXBuildFile; fileRef = AA0002000000000000000028 /* ComboField.swift */; };
		AA0001000000000000000029 /* SymbolIcon.swift in Sources */ = {isa = PBXBuildFile; fileRef = AA0002000000000000000029 /* SymbolIcon.swift */; };
		AA000100000000000000002A /* TravelMapKit.swift in Sources */ = {isa = PBXBuildFile; fileRef = AA000200000000000000002A /* TravelMapKit.swift */; };
		AA000100000000000000002B /* AlertModels.swift in Sources */ = {isa = PBXBuildFile; fileRef = AA000200000000000000002B /* AlertModels.swift */; };
		AA000100000000000000002C /* PriceAlertSheet.swift in Sources */ = {isa = PBXBuildFile; fileRef = AA000200000000000000002C /* PriceAlertSheet.swift */; };
/* End PBXBuildFile section */

/* Begin PBXFileReference section */
		AA0002000000000000000001 /* SkyProtonAgentApp.swift */ = {isa = PBXFileReference; lastKnownFileType = sourcecode.swift; path = SkyProtonAgentApp.swift; sourceTree = "<group>"; };
		AA0002000000000000000002 /* ContentView.swift */ = {isa = PBXFileReference; lastKnownFileType = sourcecode.swift; path = ContentView.swift; sourceTree = "<group>"; };
		AA0002000000000000000003 /* AuthModels.swift */ = {isa = PBXFileReference; lastKnownFileType = sourcecode.swift; path = AuthModels.swift; sourceTree = "<group>"; };
		AA0002000000000000000006 /* APIClient.swift */ = {isa = PBXFileReference; lastKnownFileType = sourcecode.swift; path = APIClient.swift; sourceTree = "<group>"; };
		AA0002000000000000000007 /* KeychainHelper.swift */ = {isa = PBXFileReference; lastKnownFileType = sourcecode.swift; path = KeychainHelper.swift; sourceTree = "<group>"; };
		AA0002000000000000000008 /* AuthService.swift */ = {isa = PBXFileReference; lastKnownFileType = sourcecode.swift; path = AuthService.swift; sourceTree = "<group>"; };
		AA0002000000000000000009 /* AgentService.swift */ = {isa = PBXFileReference; lastKnownFileType = sourcecode.swift; path = AgentService.swift; sourceTree = "<group>"; };
		AA000200000000000000000A /* AuthViewModel.swift */ = {isa = PBXFileReference; lastKnownFileType = sourcecode.swift; path = AuthViewModel.swift; sourceTree = "<group>"; };
		AA000200000000000000000D /* LoginView.swift */ = {isa = PBXFileReference; lastKnownFileType = sourcecode.swift; path = LoginView.swift; sourceTree = "<group>"; };
		AA000200000000000000000E /* MainTabView.swift */ = {isa = PBXFileReference; lastKnownFileType = sourcecode.swift; path = MainTabView.swift; sourceTree = "<group>"; };
		AA0002000000000000000013 /* SettingsView.swift */ = {isa = PBXFileReference; lastKnownFileType = sourcecode.swift; path = SettingsView.swift; sourceTree = "<group>"; };
		AA0002000000000000000014 /* Assets.xcassets */ = {isa = PBXFileReference; lastKnownFileType = folder.assetcatalog; path = Assets.xcassets; sourceTree = "<group>"; };
		AA0002000000000000000015 /* Info.plist */ = {isa = PBXFileReference; lastKnownFileType = text.plist.xml; path = Info.plist; sourceTree = "<group>"; };
		AA0002000000000000000019 /* FinancialModels.swift */ = {isa = PBXFileReference; lastKnownFileType = sourcecode.swift; path = FinancialModels.swift; sourceTree = "<group>"; };
		AA000200000000000000001B /* FinancialView.swift */ = {isa = PBXFileReference; lastKnownFileType = sourcecode.swift; path = FinancialView.swift; sourceTree = "<group>"; };
		AA000200000000000000001D /* TravelModels.swift */ = {isa = PBXFileReference; lastKnownFileType = sourcecode.swift; path = TravelModels.swift; sourceTree = "<group>"; };
		AA000200000000000000001E /* TravelListView.swift */ = {isa = PBXFileReference; lastKnownFileType = sourcecode.swift; path = TravelListView.swift; sourceTree = "<group>"; };
		AA000200000000000000001F /* TravelDetailView.swift */ = {isa = PBXFileReference; lastKnownFileType = sourcecode.swift; path = TravelDetailView.swift; sourceTree = "<group>"; };
		AA0002000000000000000020 /* SkyProtonAgent.app */ = {isa = PBXFileReference; explicitFileType = wrapper.application; includeInIndex = 0; path = SkyProtonAgent.app; sourceTree = BUILT_PRODUCTS_DIR; };
		AA0002000000000000000021 /* Theme.swift */ = {isa = PBXFileReference; lastKnownFileType = sourcecode.swift; path = Theme.swift; sourceTree = "<group>"; };
		AA0002000000000000000022 /* FinanceMarketsView.swift */ = {isa = PBXFileReference; lastKnownFileType = sourcecode.swift; path = FinanceMarketsView.swift; sourceTree = "<group>"; };
		AA0002000000000000000023 /* FinanceFuturesView.swift */ = {isa = PBXFileReference; lastKnownFileType = sourcecode.swift; path = FinanceFuturesView.swift; sourceTree = "<group>"; };
		AA0002000000000000000024 /* FinanceDepositsView.swift */ = {isa = PBXFileReference; lastKnownFileType = sourcecode.swift; path = FinanceDepositsView.swift; sourceTree = "<group>"; };
		AA0002000000000000000025 /* FinanceCardsView.swift */ = {isa = PBXFileReference; lastKnownFileType = sourcecode.swift; path = FinanceCardsView.swift; sourceTree = "<group>"; };
		AA0002000000000000000026 /* FinanceSalaryView.swift */ = {isa = PBXFileReference; lastKnownFileType = sourcecode.swift; path = FinanceSalaryView.swift; sourceTree = "<group>"; };
		AA0002000000000000000027 /* SwipeToDeleteRow.swift */ = {isa = PBXFileReference; lastKnownFileType = sourcecode.swift; path = SwipeToDeleteRow.swift; sourceTree = "<group>"; };
		AA0002000000000000000028 /* ComboField.swift */ = {isa = PBXFileReference; lastKnownFileType = sourcecode.swift; path = ComboField.swift; sourceTree = "<group>"; };
		AA0002000000000000000029 /* SymbolIcon.swift */ = {isa = PBXFileReference; lastKnownFileType = sourcecode.swift; path = SymbolIcon.swift; sourceTree = "<group>"; };
		AA000200000000000000002A /* TravelMapKit.swift */ = {isa = PBXFileReference; lastKnownFileType = sourcecode.swift; path = TravelMapKit.swift; sourceTree = "<group>"; };
		AA000200000000000000002B /* AlertModels.swift */ = {isa = PBXFileReference; lastKnownFileType = sourcecode.swift; path = AlertModels.swift; sourceTree = "<group>"; };
		AA000200000000000000002C /* PriceAlertSheet.swift */ = {isa = PBXFileReference; lastKnownFileType = sourcecode.swift; path = PriceAlertSheet.swift; sourceTree = "<group>"; };
		AA00FF000000000000000001 /* Debug.xcconfig */ = {isa = PBXFileReference; lastKnownFileType = text.xcconfig; name = Debug.xcconfig; path = Configs/Debug.xcconfig; sourceTree = SOURCE_ROOT; };
		AA00FF000000000000000002 /* Release.xcconfig */ = {isa = PBXFileReference; lastKnownFileType = text.xcconfig; name = Release.xcconfig; path = Configs/Release.xcconfig; sourceTree = SOURCE_ROOT; };
/* End PBXFileReference section */

/* Begin PBXFrameworksBuildPhase section */
		AA0003000000000000000001 /* Frameworks */ = {
			isa = PBXFrameworksBuildPhase;
			buildActionMask = 2147483647;
			files = (
			);
			runOnlyForDeploymentPostprocessing = 0;
		};
/* End PBXFrameworksBuildPhase section */

/* Begin PBXGroup section */
		AA0004000000000000000001 /* SkyProtonAgent */ = {
			isa = PBXGroup;
			children = (
				AA0002000000000000000001 /* SkyProtonAgentApp.swift */,
				AA0002000000000000000002 /* ContentView.swift */,
				AA0002000000000000000021 /* Theme.swift */,
				AA0004000000000000000002 /* Models */,
				AA0004000000000000000003 /* Services */,
				AA0004000000000000000004 /* ViewModels */,
				AA0004000000000000000005 /* Views */,
				AA0002000000000000000014 /* Assets.xcassets */,
				AA0002000000000000000015 /* Info.plist */,
			);
			path = SkyProtonAgent;
			sourceTree = "<group>";
		};
		AA0004000000000000000002 /* Models */ = {
			isa = PBXGroup;
			children = (
				AA0002000000000000000003 /* AuthModels.swift */,
				AA0002000000000000000019 /* FinancialModels.swift */,
				AA000200000000000000001D /* TravelModels.swift */,
				AA000200000000000000002B /* AlertModels.swift */,
			);
			path = Models;
			sourceTree = "<group>";
		};
		AA0004000000000000000003 /* Services */ = {
			isa = PBXGroup;
			children = (
				AA0002000000000000000006 /* APIClient.swift */,
				AA0002000000000000000007 /* KeychainHelper.swift */,
				AA0002000000000000000008 /* AuthService.swift */,
				AA0002000000000000000009 /* AgentService.swift */,
			);
			path = Services;
			sourceTree = "<group>";
		};
		AA0004000000000000000004 /* ViewModels */ = {
			isa = PBXGroup;
			children = (
				AA000200000000000000000A /* AuthViewModel.swift */,
			);
			path = ViewModels;
			sourceTree = "<group>";
		};
		AA0004000000000000000005 /* Views */ = {
			isa = PBXGroup;
			children = (
				AA000200000000000000000D /* LoginView.swift */,
				AA000200000000000000000E /* MainTabView.swift */,
				AA0004000000000000000009 /* Settings */,
				AA000400000000000000000C /* Financial */,
				AA0004000000000000000012 /* Travel */,
			);
			path = Views;
			sourceTree = "<group>";
		};
		AA0004000000000000000009 /* Settings */ = {
			isa = PBXGroup;
			children = (
				AA0002000000000000000013 /* SettingsView.swift */,
			);
			path = Settings;
			sourceTree = "<group>";
		};
		AA000400000000000000000C /* Financial */ = {
			isa = PBXGroup;
			children = (
				AA000200000000000000001B /* FinancialView.swift */,
				AA0002000000000000000022 /* FinanceMarketsView.swift */,
				AA0002000000000000000023 /* FinanceFuturesView.swift */,
				AA0002000000000000000024 /* FinanceDepositsView.swift */,
				AA0002000000000000000025 /* FinanceCardsView.swift */,
				AA0002000000000000000026 /* FinanceSalaryView.swift */,
				AA0002000000000000000027 /* SwipeToDeleteRow.swift */,
				AA0002000000000000000028 /* ComboField.swift */,
				AA0002000000000000000029 /* SymbolIcon.swift */,
				AA000200000000000000002C /* PriceAlertSheet.swift */,
			);
			path = Financial;
			sourceTree = "<group>";
		};
		AA0004000000000000000010 /* Products */ = {
			isa = PBXGroup;
			children = (
				AA0002000000000000000020 /* SkyProtonAgent.app */,
			);
			name = Products;
			sourceTree = "<group>";
		};
		AA0004000000000000000011 = {
			isa = PBXGroup;
			children = (
				AA0004000000000000000001 /* SkyProtonAgent */,
				AA0004000000000000000010 /* Products */,
				BEE2CBFD303DF47100F791C0 /* Recovered References */,
			);
			sourceTree = "<group>";
		};
		AA0004000000000000000012 /* Travel */ = {
			isa = PBXGroup;
			children = (
				AA000200000000000000001E /* TravelListView.swift */,
				AA000200000000000000001F /* TravelDetailView.swift */,
				AA000200000000000000002A /* TravelMapKit.swift */,
			);
			path = Travel;
			sourceTree = "<group>";
		};
		BEE2CBFD303DF47100F791C0 /* Recovered References */ = {
			isa = PBXGroup;
			children = (
				AA00FF000000000000000001 /* Debug.xcconfig */,
				AA00FF000000000000000002 /* Release.xcconfig */,
			);
			name = "Recovered References";
			sourceTree = "<group>";
		};
/* End PBXGroup section */

/* Begin PBXNativeTarget section */
		AA0005000000000000000001 /* SkyProtonAgent */ = {
			isa = PBXNativeTarget;
			buildConfigurationList = AA0006000000000000000001 /* Build configuration list for PBXNativeTarget "SkyProtonAgent" */;
			buildPhases = (
				AA0007000000000000000001 /* Sources */,
				AA0003000000000000000001 /* Frameworks */,
				AA0008000000000000000001 /* Resources */,
			);
			buildRules = (
			);
			dependencies = (
			);
			name = SkyProtonAgent;
			productName = SkyProtonAgent;
			productReference = AA0002000000000000000020 /* SkyProtonAgent.app */;
			productType = "com.apple.product-type.application";
		};
/* End PBXNativeTarget section */

/* Begin PBXProject section */
		AA0009000000000000000001 /* Project object */ = {
			isa = PBXProject;
			attributes = {
				BuildIndependentTargetsInParallel = 1;
				LastSwiftUpdateCheck = 1540;
				LastUpgradeCheck = 1540;
				TargetAttributes = {
					AA0005000000000000000001 = {
						CreatedOnToolsVersion = 15.4;
					};
				};
			};
			buildConfigurationList = AA0006000000000000000002 /* Build configuration list for PBXProject "SkyProtonAgent" */;
			compatibilityVersion = "Xcode 14.0";
			developmentRegion = en;
			hasScannedForEncodings = 0;
			knownRegions = (
				en,
				Base,
			);
			mainGroup = AA0004000000000000000011;
			productRefGroup = AA0004000000000000000010 /* Products */;
			projectDirPath = "";
			projectRoot = "";
			targets = (
				AA0005000000000000000001 /* SkyProtonAgent */,
			);
		};
/* End PBXProject section */

/* Begin PBXResourcesBuildPhase section */
		AA0008000000000000000001 /* Resources */ = {
			isa = PBXResourcesBuildPhase;
			buildActionMask = 2147483647;
			files = (
				AA0001000000000000000014 /* Assets.xcassets in Resources */,
			);
			runOnlyForDeploymentPostprocessing = 0;
		};
/* End PBXResourcesBuildPhase section */

/* Begin PBXSourcesBuildPhase section */
		AA0007000000000000000001 /* Sources */ = {
			isa = PBXSourcesBuildPhase;
			buildActionMask = 2147483647;
			files = (
				AA0001000000000000000001 /* SkyProtonAgentApp.swift in Sources */,
				AA0001000000000000000002 /* ContentView.swift in Sources */,
				AA0001000000000000000003 /* AuthModels.swift in Sources */,
				AA0001000000000000000006 /* APIClient.swift in Sources */,
				AA0001000000000000000007 /* KeychainHelper.swift in Sources */,
				AA0001000000000000000008 /* AuthService.swift in Sources */,
				AA0001000000000000000009 /* AgentService.swift in Sources */,
				AA000100000000000000000A /* AuthViewModel.swift in Sources */,
				AA000100000000000000000D /* LoginView.swift in Sources */,
				AA000100000000000000000E /* MainTabView.swift in Sources */,
				AA0001000000000000000013 /* SettingsView.swift in Sources */,
				AA0001000000000000000019 /* FinancialModels.swift in Sources */,
				AA000100000000000000001B /* FinancialView.swift in Sources */,
				AA000100000000000000001D /* TravelModels.swift in Sources */,
				AA000100000000000000001E /* TravelListView.swift in Sources */,
				AA000100000000000000001F /* TravelDetailView.swift in Sources */,
				AA0001000000000000000021 /* Theme.swift in Sources */,
				AA0001000000000000000022 /* FinanceMarketsView.swift in Sources */,
				AA0001000000000000000023 /* FinanceFuturesView.swift in Sources */,
				AA0001000000000000000024 /* FinanceDepositsView.swift in Sources */,
				AA0001000000000000000025 /* FinanceCardsView.swift in Sources */,
				AA0001000000000000000026 /* FinanceSalaryView.swift in Sources */,
				AA0001000000000000000027 /* SwipeToDeleteRow.swift in Sources */,
				AA0001000000000000000028 /* ComboField.swift in Sources */,
				AA0001000000000000000029 /* SymbolIcon.swift in Sources */,
				AA000100000000000000002A /* TravelMapKit.swift in Sources */,
				AA000100000000000000002B /* AlertModels.swift in Sources */,
				AA000100000000000000002C /* PriceAlertSheet.swift in Sources */,
			);
			runOnlyForDeploymentPostprocessing = 0;
		};
/* End PBXSourcesBuildPhase section */

/* Begin XCBuildConfiguration section */
		AA000A000000000000000001 /* Debug */ = {
			isa = XCBuildConfiguration;
			baseConfigurationReference = AA00FF000000000000000001 /* Debug.xcconfig */;
			buildSettings = {
				ALWAYS_SEARCH_USER_PATHS = NO;
				ASSETCATALOG_COMPILER_GENERATE_SWIFT_ASSET_SYMBOL_EXTENSIONS = YES;
				CLANG_ANALYZER_NONNULL = YES;
				CLANG_ANALYZER_NUMBER_OBJECT_CONVERSION = YES_AGGRESSIVE;
				CLANG_CXX_LANGUAGE_STANDARD = "gnu++20";
				CLANG_ENABLE_MODULES = YES;
				CLANG_ENABLE_OBJC_ARC = YES;
				CLANG_ENABLE_OBJC_WEAK = YES;
				CLANG_WARN_BLOCK_CAPTURE_AUTORELEASING = YES;
				CLANG_WARN_BOOL_CONVERSION = YES;
				CLANG_WARN_COMMA = YES;
				CLANG_WARN_CONSTANT_CONVERSION = YES;
				CLANG_WARN_DEPRECATED_OBJC_IMPLEMENTATIONS = YES;
				CLANG_WARN_DIRECT_OBJC_ISA_USAGE = YES_ERROR;
				CLANG_WARN_DOCUMENTATION_COMMENTS = YES;
				CLANG_WARN_EMPTY_BODY = YES;
				CLANG_WARN_ENUM_CONVERSION = YES;
				CLANG_WARN_INFINITE_RECURSION = YES;
				CLANG_WARN_INT_CONVERSION = YES;
				CLANG_WARN_NON_LITERAL_NULL_CONVERSION = YES;
				CLANG_WARN_OBJC_IMPLICIT_RETAIN_CYCLE = YES;
				CLANG_WARN_OBJC_LITERAL_CONVERSION = YES;
				CLANG_WARN_OBJC_ROOT_CLASS = YES_ERROR;
				CLANG_WARN_QUOTED_INCLUDE_IN_FRAMEWORK_HEADER = YES;
				CLANG_WARN_RANGE_LOOP_ANALYSIS = YES;
				CLANG_WARN_STRICT_PROTOTYPES = YES;
				CLANG_WARN_SUSPICIOUS_MOVE = YES;
				CLANG_WARN_UNGUARDED_AVAILABILITY = YES_AGGRESSIVE;
				CLANG_WARN_UNREACHABLE_CODE = YES;
				CLANG_WARN__DUPLICATE_METHOD_MATCH = YES;
				COPY_PHASE_STRIP = NO;
				DEBUG_INFORMATION_FORMAT = dwarf;
				ENABLE_STRICT_OBJC_MSGSEND = YES;
				ENABLE_TESTABILITY = YES;
				ENABLE_USER_SCRIPT_SANDBOXING = YES;
				GCC_C_LANGUAGE_STANDARD = gnu17;
				GCC_DYNAMIC_NO_PIC = NO;
				GCC_NO_COMMON_BLOCKS = YES;
				GCC_OPTIMIZATION_LEVEL = 0;
				GCC_PREPROCESSOR_DEFINITIONS = (
					"DEBUG=1",
					"$(inherited)",
				);
				GCC_WARN_64_TO_32_BIT_CONVERSION = YES;
				GCC_WARN_ABOUT_RETURN_TYPE = YES_ERROR;
				GCC_WARN_UNDECLARED_SELECTOR = YES;
				GCC_WARN_UNINITIALIZED_AUTOS = YES_AGGRESSIVE;
				GCC_WARN_UNUSED_FUNCTION = YES;
				GCC_WARN_UNUSED_VARIABLE = YES;
				IPHONEOS_DEPLOYMENT_TARGET = 17.0;
				MTL_ENABLE_DEBUG_INFO = INCLUDE_SOURCE;
				MTL_FAST_MATH = YES;
				ONLY_ACTIVE_ARCH = YES;
				SDKROOT = iphoneos;
				SWIFT_ACTIVE_COMPILATION_CONDITIONS = "DEBUG $(inherited)";
				SWIFT_OPTIMIZATION_LEVEL = "-Onone";
			};
			name = Debug;
		};
		AA000A000000000000000002 /* Release */ = {
			isa = XCBuildConfiguration;
			baseConfigurationReference = AA00FF000000000000000002 /* Release.xcconfig */;
			buildSettings = {
				ALWAYS_SEARCH_USER_PATHS = NO;
				ASSETCATALOG_COMPILER_GENERATE_SWIFT_ASSET_SYMBOL_EXTENSIONS = YES;
				CLANG_ANALYZER_NONNULL = YES;
				CLANG_ANALYZER_NUMBER_OBJECT_CONVERSION = YES_AGGRESSIVE;
				CLANG_CXX_LANGUAGE_STANDARD = "gnu++20";
				CLANG_ENABLE_MODULES = YES;
				CLANG_ENABLE_OBJC_ARC = YES;
				CLANG_ENABLE_OBJC_WEAK = YES;
				CLANG_WARN_BLOCK_CAPTURE_AUTORELEASING = YES;
				CLANG_WARN_BOOL_CONVERSION = YES;
				CLANG_WARN_COMMA = YES;
				CLANG_WARN_CONSTANT_CONVERSION = YES;
				CLANG_WARN_DEPRECATED_OBJC_IMPLEMENTATIONS = YES;
				CLANG_WARN_DIRECT_OBJC_ISA_USAGE = YES_ERROR;
				CLANG_WARN_DOCUMENTATION_COMMENTS = YES;
				CLANG_WARN_EMPTY_BODY = YES;
				CLANG_WARN_ENUM_CONVERSION = YES;
				CLANG_WARN_INFINITE_RECURSION = YES;
				CLANG_WARN_INT_CONVERSION = YES;
				CLANG_WARN_NON_LITERAL_NULL_CONVERSION = YES;
				CLANG_WARN_OBJC_IMPLICIT_RETAIN_CYCLE = YES;
				CLANG_WARN_OBJC_LITERAL_CONVERSION = YES;
				CLANG_WARN_OBJC_ROOT_CLASS = YES_ERROR;
				CLANG_WARN_QUOTED_INCLUDE_IN_FRAMEWORK_HEADER = YES;
				CLANG_WARN_RANGE_LOOP_ANALYSIS = YES;
				CLANG_WARN_STRICT_PROTOTYPES = YES;
				CLANG_WARN_SUSPICIOUS_MOVE = YES;
				CLANG_WARN_UNGUARDED_AVAILABILITY = YES_AGGRESSIVE;
				CLANG_WARN_UNREACHABLE_CODE = YES;
				CLANG_WARN__DUPLICATE_METHOD_MATCH = YES;
				COPY_PHASE_STRIP = NO;
				DEBUG_INFORMATION_FORMAT = "dwarf-with-dsym";
				ENABLE_NS_ASSERTIONS = NO;
				ENABLE_STRICT_OBJC_MSGSEND = YES;
				ENABLE_USER_SCRIPT_SANDBOXING = YES;
				GCC_C_LANGUAGE_STANDARD = gnu17;
				GCC_NO_COMMON_BLOCKS = YES;
				GCC_WARN_64_TO_32_BIT_CONVERSION = YES;
				GCC_WARN_ABOUT_RETURN_TYPE = YES_ERROR;
				GCC_WARN_UNDECLARED_SELECTOR = YES;
				GCC_WARN_UNINITIALIZED_AUTOS = YES_AGGRESSIVE;
				GCC_WARN_UNUSED_FUNCTION = YES;
				GCC_WARN_UNUSED_VARIABLE = YES;
				IPHONEOS_DEPLOYMENT_TARGET = 17.0;
				MTL_FAST_MATH = YES;
				SDKROOT = iphoneos;
				SWIFT_COMPILATION_MODE = wholemodule;
				VALIDATE_PRODUCT = YES;
			};
			name = Release;
		};
		AA000A000000000000000003 /* Debug */ = {
			isa = XCBuildConfiguration;
			buildSettings = {
				ASSETCATALOG_COMPILER_APPICON_NAME = AppIcon;
				ASSETCATALOG_COMPILER_GLOBAL_ACCENT_COLOR_NAME = AccentColor;
				CODE_SIGN_STYLE = Automatic;
				CURRENT_PROJECT_VERSION = 1;
				DEVELOPMENT_ASSET_PATHS = "";
				DEVELOPMENT_TEAM = M8V55585XA;
				ENABLE_PREVIEWS = YES;
				GENERATE_INFOPLIST_FILE = NO;
				INFOPLIST_FILE = SkyProtonAgent/Info.plist;
				IPHONEOS_DEPLOYMENT_TARGET = 17.0;
				LD_RUNPATH_SEARCH_PATHS = (
					"$(inherited)",
					"@executable_path/Frameworks",
				);
				MARKETING_VERSION = 1.0;
				PRODUCT_BUNDLE_IDENTIFIER = com.skyproton.agent;
				PRODUCT_NAME = "$(TARGET_NAME)";
				SWIFT_EMIT_LOC_STRINGS = YES;
				SWIFT_VERSION = 5.0;
				TARGETED_DEVICE_FAMILY = "1,2";
			};
			name = Debug;
		};
		AA000A000000000000000004 /* Release */ = {
			isa = XCBuildConfiguration;
			buildSettings = {
				ASSETCATALOG_COMPILER_APPICON_NAME = AppIcon;
				ASSETCATALOG_COMPILER_GLOBAL_ACCENT_COLOR_NAME = AccentColor;
				CODE_SIGN_STYLE = Automatic;
				CURRENT_PROJECT_VERSION = 1;
				DEVELOPMENT_ASSET_PATHS = "";
				DEVELOPMENT_TEAM = M8V55585XA;
				ENABLE_PREVIEWS = YES;
				GENERATE_INFOPLIST_FILE = NO;
				INFOPLIST_FILE = SkyProtonAgent/Info.plist;
				IPHONEOS_DEPLOYMENT_TARGET = 17.0;
				LD_RUNPATH_SEARCH_PATHS = (
					"$(inherited)",
					"@executable_path/Frameworks",
				);
				MARKETING_VERSION = 1.0;
				PRODUCT_BUNDLE_IDENTIFIER = com.skyproton.agent;
				PRODUCT_NAME = "$(TARGET_NAME)";
				SWIFT_EMIT_LOC_STRINGS = YES;
				SWIFT_VERSION = 5.0;
				TARGETED_DEVICE_FAMILY = "1,2";
			};
			name = Release;
		};
/* End XCBuildConfiguration section */

/* Begin XCConfigurationList section */
		AA0006000000000000000001 /* Build configuration list for PBXNativeTarget "SkyProtonAgent" */ = {
			isa = XCConfigurationList;
			buildConfigurations = (
				AA000A000000000000000003 /* Debug */,
				AA000A000000000000000004 /* Release */,
			);
			defaultConfigurationIsVisible = 0;
			defaultConfigurationName = Release;
		};
		AA0006000000000000000002 /* Build configuration list for PBXProject "SkyProtonAgent" */ = {
			isa = XCConfigurationList;
			buildConfigurations = (
				AA000A000000000000000001 /* Debug */,
				AA000A000000000000000002 /* Release */,
			);
			defaultConfigurationIsVisible = 0;
			defaultConfigurationName = Release;
		};
/* End XCConfigurationList section */
	};
	rootObject = AA0009000000000000000001 /* Project object */;
}
